// !$*UTF8*$!
{
	archiveVersion = 1;
	classes = {
	};
	objectVersion = 50;
	objects = {

/* Begin PBXBuildFile section */
		CEBE7D1323716EB4004D3DF3 /* AppDelegate.swift in Sources */ = {isa = PBXBuildFile; fileRef = CEBE7D1223716EB4004D3DF3 /* AppDelegate.swift */; };
		CEBE7D1523716EB4004D3DF3 /* SceneDelegate.swift in Sources */ = {isa = PBXBuildFile; fileRef = CEBE7D1423716EB4004D3DF3 /* SceneDelegate.swift */; };
		CEBE7D1723716EB4004D3DF3 /* ViewController.swift in Sources */ = {isa = PBXBuildFile; fileRef = CEBE7D1623716EB4004D3DF3 /* ViewController.swift */; };
		CEBE7D1A23716EB4004D3DF3 /* Main.storyboard in Resources */ = {isa = PBXBuildFile; fileRef = CEBE7D1823716EB4004D3DF3 /* Main.storyboard */; };
		CEBE7D1C23716EB5004D3DF3 /* Assets.xcassets in Resources */ = {isa = PBXBuildFile; fileRef = CEBE7D1B23716EB5004D3DF3 /* Assets.xcassets */; };
		CEBE7D1F23716EB5004D3DF3 /* LaunchScreen.storyboard in Resources */ = {isa = PBXBuildFile; fileRef = CEBE7D1D23716EB5004D3DF3 /* LaunchScreen.storyboard */; };
		CEBE7D2723717BE1004D3DF3 /* ImagePicker.swift in Sources */ = {isa = PBXBuildFile; fileRef = CEBE7D2623717BE1004D3DF3 /* ImagePicker.swift */; };
		CEBE7D2923718FB0004D3DF3 /* DescribeImage.swift in Sources */ = {isa = PBXBuildFile; fileRef = CEBE7D2823718FB0004D3DF3 /* DescribeImage.swift */; };
/* End PBXBuildFile section */

/* Begin PBXFileReference section */
		CEBE7D0F23716EB4004D3DF3 /* Assignment3Ios.app */ = {isa = PBXFileReference; explicitFileType = wrapper.application; includeInIndex = 0; path = Assignment3Ios.app; sourceTree = BUILT_PRODUCTS_DIR; };
		CEBE7D1223716EB4004D3DF3 /* AppDelegate.swift */ = {isa = PBXFileReference; lastKnownFileType = sourcecode.swift; path = AppDelegate.swift; sourceTree = "<group>"; };
		CEBE7D1423716EB4004D3DF3 /* SceneDelegate.swift */ = {isa = PBXFileReference; lastKnownFileType = sourcecode.swift; path = SceneDelegate.swift; sourceTree = "<group>"; };
		CEBE7D1623716EB4004D3DF3 /* ViewController.swift */ = {isa = PBXFileReference; lastKnownFileType = sourcecode.swift; path = ViewController.swift; sourceTree = "<group>"; };
		CEBE7D1923716EB4004D3DF3 /* Base */ = {isa = PBXFileReference; lastKnownFileType = file.storyboard; name = Base; path = Base.lproj/Main.storyboard; sourceTree = "<group>"; };
		CEBE7D1B23716EB5004D3DF3 /* Assets.xcassets */ = {isa = PBXFileReference; lastKnownFileType = folder.assetcatalog; path = Assets.xcassets; sourceTree = "<group>"; };
		CEBE7D1E23716EB5004D3DF3 /* Base */ = {isa = PBXFileReference; lastKnownFileType = file.storyboard; name = Base; path = Base.lproj/LaunchScreen.storyboard; sourceTree = "<group>"; };
		CEBE7D2023716EB5004D3DF3 /* Info.plist */ = {isa = PBXFileReference; lastKnownFileType = text.plist.xml; path = Info.plist; sourceTree = "<group>"; };
		CEBE7D2623717BE1004D3DF3 /* ImagePicker.swift */ = {isa = PBXFileReference; lastKnownFileType = sourcecode.swift; path = ImagePicker.swift; sourceTree = "<group>"; };
		CEBE7D2823718FB0004D3DF3 /* DescribeImage.swift */ = {isa = PBXFileReference; lastKnownFileType = sourcecode.swift; path = DescribeImage.swift; sourceTree = "<group>"; };
/* End PBXFileReference section */

/* Begin PBXFrameworksBuildPhase section */
		CEBE7D0C23716EB4004D3DF3 /* Frameworks */ = {
			isa = PBXFrameworksBuildPhase;
			buildActionMask = 2147483647;
			files = (
			);
			runOnlyForDeploymentPostprocessing = 0;
		};
/* End PBXFrameworksBuildPhase section */

/* Begin PBXGroup section */
		CEBE7D0623716EB4004D3DF3 = {
			isa = PBXGroup;
			children = (
				CEBE7D1123716EB4004D3DF3 /* Assignment3Ios */,
				CEBE7D1023716EB4004D3DF3 /* Products */,
			);
			sourceTree = "<group>";
		};
		CEBE7D1023716EB4004D3DF3 /* Products */ = {
			isa = PBXGroup;
			children = (
				CEBE7D0F23716EB4004D3DF3 /* Assignment3Ios.app */,
			);
			name = Products;
			sourceTree = "<group>";
		};
		CEBE7D1123716EB4004D3DF3 /* Assignment3Ios */ = {
			isa = PBXGroup;
			children = (
				CEBE7D1223716EB4004D3DF3 /* AppDelegate.swift */,
				CEBE7D1423716EB4004D3DF3 /* SceneDelegate.swift */,
				CEBE7D1623716EB4004D3DF3 /* ViewController.swift */,
				CEBE7D1823716EB4004D3DF3 /* Main.storyboard */,
				CEBE7D1B23716EB5004D3DF3 /* Assets.xcassets */,
				CEBE7D1D23716EB5004D3DF3 /* LaunchScreen.storyboard */,
				CEBE7D2023716EB5004D3DF3 /* Info.plist */,
				CEBE7D2623717BE1004D3DF3 /* ImagePicker.swift */,
				CEBE7D2823718FB0004D3DF3 /* DescribeImage.swift */,
			);
			path = Assignment3Ios;
			sourceTree = "<group>";
		};
/* End PBXGroup section */

/* Begin PBXNativeTarget section */
		CEBE7D0E23716EB4004D3DF3 /* Assignment3Ios */ = {
			isa = PBXNativeTarget;
			buildConfigurationList = CEBE7D2323716EB5004D3DF3 /* Build configuration list for PBXNativeTarget "Assignment3Ios" */;
			buildPhases = (
				CEBE7D0B23716EB4004D3DF3 /* Sources */,
				CEBE7D0C23716EB4004D3DF3 /* Frameworks */,
				CEBE7D0D23716EB4004D3DF3 /* Resources */,
			);
			buildRules = (
			);
			dependencies = (
			);
			name = Assignment3Ios;
			productName = Assignment3Ios;
			productReference = CEBE7D0F23716EB4004D3DF3 /* Assignment3Ios.app */;
			productType = "com.apple.product-type.application";
		};
/* End PBXNativeTarget section */

/* Begin PBXProject section */
		CEBE7D0723716EB4004D3DF3 /* Project object */ = {
			isa = PBXProject;
			attributes = {
				LastSwiftUpdateCheck = 1100;
				LastUpgradeCheck = 1100;
				ORGANIZATIONNAME = "HEWA DEWAGE DIHAN UDARA SANDARUWAN";
				TargetAttributes = {
					CEBE7D0E23716EB4004D3DF3 = {
						CreatedOnToolsVersion = 11.0;
					};
				};
			};
			buildConfigurationList = CEBE7D0A23716EB4004D3DF3 /* Build configuration list for PBXProject "Assignment3Ios" */;
			compatibilityVersion = "Xcode 9.3";
			developmentRegion = en;
			hasScannedForEncodings = 0;
			knownRegions = (
				en,
				Base,
			);
			mainGroup = CEBE7D0623716EB4004D3DF3;
			productRefGroup = CEBE7D1023716EB4004D3DF3 /* Products */;
			projectDirPath = "";
			projectRoot = "";
			targets = (
				CEBE7D0E23716EB4004D3DF3 /* Assignment3Ios */,
			);
		};
/* End PBXProject section */

/* Begin PBXResourcesBuildPhase section */
		CEBE7D0D23716EB4004D3DF3 /* Resources */ = {
			isa = PBXResourcesBuildPhase;
			buildActionMask = 2147483647;
			files = (
				CEBE7D1F23716EB5004D3DF3 /* LaunchScreen.storyboard in Resources */,
				CEBE7D1C23716EB5004D3DF3 /* Assets.xcassets in Resources */,
				CEBE7D1A23716EB4004D3DF3 /* Main.storyboard in Resources */,
			);
			runOnlyForDeploymentPostprocessing = 0;
		};
/* End PBXResourcesBuildPhase section */

/* Begin PBXSourcesBuildPhase section */
		CEBE7D0B23716EB4004D3DF3 /* Sources */ = {
			isa = PBXSourcesBuildPhase;
			buildActionMask = 2147483647;
			files = (
				CEBE7D1723716EB4004D3DF3 /* ViewController.swift in Sources */,
				CEBE7D2723717BE1004D3DF3 /* ImagePicker.swift in Sources */,
				CEBE7D2923718FB0004D3DF3 /* DescribeImage.swift in Sources */,
				CEBE7D1323716EB4004D3DF3 /* AppDelegate.swift in Sources */,
				CEBE7D1523716EB4004D3DF3 /* SceneDelegate.swift in Sources */,
			);
			runOnlyForDeploymentPostprocessing = 0;
		};
/* End PBXSourcesBuildPhase section */

/* Begin PBXVariantGroup section */
		CEBE7D1823716EB4004D3DF3 /* Main.storyboard */ = {
			isa = PBXVariantGroup;
			children = (
				CEBE7D1923716EB4004D3DF3 /* Base */,
			);
			name = Main.storyboard;
			sourceTree = "<group>";
		};
		CEBE7D1D23716EB5004D3DF3 /* LaunchScreen.storyboard */ = {
			isa = PBXVariantGroup;
			children = (
				CEBE7D1E23716EB5004D3DF3 /* Base */,
			);
			name = LaunchScreen.storyboard;
			sourceTree = "<group>";
		};
/* End PBXVariantGroup section */

/* Begin XCBuildConfiguration section */
		CEBE7D2123716EB5004D3DF3 /* Debug */ = {
			isa = XCBuildConfiguration;
			buildSettings = {
				ALWAYS_SEARCH_USER_PATHS = NO;
				CLANG_ANALYZER_NONNULL = YES;
				CLANG_ANALYZER_NUMBER_OBJECT_CONVERSION = YES_AGGRESSIVE;
				CLANG_CXX_LANGUAGE_STANDARD = "gnu++14";
				CLANG_CXX_LIBRARY = "libc++";
				CLANG_ENABLE_MODULES = YES;
				CLANG_ENABLE_OBJC_ARC = YES;
				CLANG_ENABLE_OBJC_WEAK = YES;
				CLANG_WARN_BLOCK_CAPTURE_AUTORELEASING = YES;
				CLANG_WARN_BOOL_CONVERSION = YES;
				CLANG_WARN_COMMA = YES;
				CLANG_WARN_CONSTANT_CONVERSION = YES;
				CLANG_WARN_DEPRECATED_OBJC_IMPLEMENTATIONS = YES;
				CLANG_WARN_DIRECT_OBJC_ISA_USAGE = YES_ERROR;
				CLANG_WARN_DOCUMENTATION_COMMENTS = YES;
				CLANG_WARN_EMPTY_BODY = YES;
				CLANG_WARN_ENUM_CONVERSION = YES;
				CLANG_WARN_INFINITE_RECURSION = YES;
				CLANG_WARN_INT_CONVERSION = YES;
				CLANG_WARN_NON_LITERAL_NULL_CONVERSION = YES;
				CLANG_WARN_OBJC_IMPLICIT_RETAIN_SELF = YES;
				CLANG_WARN_OBJC_LITERAL_CONVERSION = YES;
				CLANG_WARN_OBJC_ROOT_CLASS = YES_ERROR;
				CLANG_WARN_RANGE_LOOP_ANALYSIS = YES;
				CLANG_WARN_STRICT_PROTOTYPES = YES;
				CLANG_WARN_SUSPICIOUS_MOVE = YES;
				CLANG_WARN_UNGUARDED_AVAILABILITY = YES_AGGRESSIVE;
				CLANG_WARN_UNREACHABLE_CODE = YES;
				CLANG_WARN__DUPLICATE_METHOD_MATCH = YES;
				COPY_PHASE_STRIP = NO;
				DEBUG_INFORMATION_FORMAT = dwarf;
				ENABLE_STRICT_OBJC_MSGSEND = YES;
				ENABLE_TESTABILITY = YES;
				GCC_C_LANGUAGE_STANDARD = gnu11;
				GCC_DYNAMIC_NO_PIC = NO;
				GCC_NO_COMMON_BLOCKS = YES;
				GCC_OPTIMIZATION_LEVEL = 0;
				GCC_PREPROCESSOR_DEFINITIONS = (
					"DEBUG=1",
					"$(inherited)",
				);
				GCC_WARN_64_TO_32_BIT_CONVERSION = YES;
				GCC_WARN_ABOUT_RETURN_TYPE = YES_ERROR;
				GCC_WARN_UNDECLARED_SELECTOR = YES;
				GCC_WARN_UNINITIALIZED_AUTOS = YES_AGGRESSIVE;
				GCC_WARN_UNUSED_FUNCTION = YES;
				GCC_WARN_UNUSED_VARIABLE = YES;
				IPHONEOS_DEPLOYMENT_TARGET = 13.0;
				MTL_ENABLE_DEBUG_INFO = INCLUDE_SOURCE;
				MTL_FAST_MATH = YES;
				ONLY_ACTIVE_ARCH = YES;
				SDKROOT = iphoneos;
				SWIFT_ACTIVE_COMPILATION_CONDITIONS = DEBUG;
				SWIFT_OPTIMIZATION_LEVEL = "-Onone";
			};
			name = Debug;
		};
		CEBE7D2223716EB5004D3DF3 /* Release */ = {
			isa = XCBuildConfiguration;
			buildSettings = {
				ALWAYS_SEARCH_USER_PATHS = NO;
				CLANG_ANALYZER_NONNULL = YES;
				CLANG_ANALYZER_NUMBER_OBJECT_CONVERSION = YES_AGGRESSIVE;
				CLANG_CXX_LANGUAGE_STANDARD = "gnu++14";
				CLANG_CXX_LIBRARY = "libc++";
				CLANG_ENABLE_MODULES = YES;
				CLANG_ENABLE_OBJC_ARC = YES;
				CLANG_ENABLE_OBJC_WEAK = YES;
				CLANG_WARN_BLOCK_CAPTURE_AUTORELEASING = YES;
				CLANG_WARN_BOOL_CONVERSION = YES;
				CLANG_WARN_COMMA = YES;
				CLANG_WARN_CONSTANT_CONVERSION = YES;
				CLANG_WARN_DEPRECATED_OBJC_IMPLEMENTATIONS = YES;
				CLANG_WARN_DIRECT_OBJC_ISA_USAGE = YES_ERROR;
				CLANG_WARN_DOCUMENTATION_COMMENTS = YES;
				CLANG_WARN_EMPTY_BODY = YES;
				CLANG_WARN_ENUM_CONVERSION = YES;
				CLANG_WARN_INFINITE_RECURSION = YES;
				CLANG_WARN_INT_CONVERSION = YES;
				CLANG_WARN_NON_LITERAL_NULL_CONVERSION = YES;
				CLANG_WARN_OBJC_IMPLICIT_RETAIN_SELF = YES;
				CLANG_WARN_OBJC_LITERAL_CONVERSION = YES;
				CLANG_WARN_OBJC_ROOT_CLASS = YES_ERROR;
				CLANG_WARN_RANGE_LOOP_ANALYSIS = YES;
				CLANG_WARN_STRICT_PROTOTYPES = YES;
				CLANG_WARN_SUSPICIOUS_MOVE = YES;
				CLANG_WARN_UNGUARDED_AVAILABILITY = YES_AGGRESSIVE;
				CLANG_WARN_UNREACHABLE_CODE = YES;
				CLANG_WARN__DUPLICATE_METHOD_MATCH = YES;
				COPY_PHASE_STRIP = NO;
				DEBUG_INFORMATION_FORMAT = "dwarf-with-dsym";
				ENABLE_NS_ASSERTIONS = NO;
				ENABLE_STRICT_OBJC_MSGSEND = YES;
				GCC_C_LANGUAGE_STANDARD = gnu11;
				GCC_NO_COMMON_BLOCKS = YES;
				GCC_WARN_64_TO_32_BIT_CONVERSION = YES;
				GCC_WARN_ABOUT_RETURN_TYPE = YES_ERROR;
				GCC_WARN_UNDECLARED_SELECTOR = YES;
				GCC_WARN_UNINITIALIZED_AUTOS = YES_AGGRESSIVE;
				GCC_WARN_UNUSED_FUNCTION = YES;
				GCC_WARN_UNUSED_VARIABLE = YES;
				IPHONEOS_DEPLOYMENT_TARGET = 13.0;
				MTL_ENABLE_DEBUG_INFO = NO;
				MTL_FAST_MATH = YES;
				SDKROOT = iphoneos;
				SWIFT_COMPILATION_MODE = wholemodule;
				SWIFT_OPTIMIZATION_LEVEL = "-O";
				VALIDATE_PRODUCT = YES;
			};
			name = Release;
		};
		CEBE7D2423716EB5004D3DF3 /* Debug */ = {
			isa = XCBuildConfiguration;
			buildSettings = {
				ASSETCATALOG_COMPILER_APPICON_NAME = AppIcon;
				CODE_SIGN_STYLE = Automatic;
				DEVELOPMENT_TEAM = 2WT8TRR69Q;
				INFOPLIST_FILE = Assignment3Ios/Info.plist;
				LD_RUNPATH_SEARCH_PATHS = (
					"$(inherited)",
					"@executable_path/Frameworks",
				);
				PRODUCT_BUNDLE_IDENTIFIER = dihan.Assignment3Ios;
				PRODUCT_NAME = "$(TARGET_NAME)";
				SWIFT_VERSION = 5.0;
				TARGETED_DEVICE_FAMILY = "1,2";
			};
			name = Debug;
		};
		CEBE7D2523716EB5004D3DF3 /* Release */ = {
			isa = XCBuildConfiguration;
			buildSettings = {
				ASSETCATALOG_COMPILER_APPICON_NAME = AppIcon;
				CODE_SIGN_STYLE = Automatic;
				DEVELOPMENT_TEAM = 2WT8TRR69Q;
				INFOPLIST_FILE = Assignment3Ios/Info.plist;
				LD_RUNPATH_SEARCH_PATHS = (
					"$(inherited)",
					"@executable_path/Frameworks",
				);
				PRODUCT_BUNDLE_IDENTIFIER = dihan.Assignment3Ios;
				PRODUCT_NAME = "$(TARGET_NAME)";
				SWIFT_VERSION = 5.0;
				TARGETED_DEVICE_FAMILY = "1,2";
			};
			name = Release;
		};
/* End XCBuildConfiguration section */

/* Begin XCConfigurationList section */
		CEBE7D0A23716EB4004D3DF3 /* Build configuration list for PBXProject "Assignment3Ios" */ = {
			isa = XCConfigurationList;
			buildConfigurations = (
				CEBE7D2123716EB5004D3DF3 /* Debug */,
				CEBE7D2223716EB5004D3DF3 /* Release */,
			);
			defaultConfigurationIsVisible = 0;
			defaultConfigurationName = Release;
		};
		CEBE7D2323716EB5004D3DF3 /* Build configuration list for PBXNativeTarget "Assignment3Ios" */ = {
			isa = XCConfigurationList;
			buildConfigurations = (
				CEBE7D2423716EB5004D3DF3 /* Debug */,
				CEBE7D2523716EB5004D3DF3 /* Release */,
			);
			defaultConfigurationIsVisible = 0;
			defaultConfigurationName = Release;
		};
/* End XCConfigurationList section */
	};
	rootObject = CEBE7D0723716EB4004D3DF3 /* Project object */;
}
